// !$*UTF8*$!
{
	archiveVersion = 1;
	classes = {
	};
	objectVersion = 51;
	objects = {

/* Begin PBXBuildFile section */
		5137677A2553E77400DA87E0 /* AppDelegate.swift in Sources */ = {isa = PBXBuildFile; fileRef = 513767792553E77400DA87E0 /* AppDelegate.swift */; };
		5137677C2553E77400DA87E0 /* SceneDelegate.swift in Sources */ = {isa = PBXBuildFile; fileRef = 5137677B2553E77400DA87E0 /* SceneDelegate.swift */; };
		5137677E2553E77400DA87E0 /* ViewController.swift in Sources */ = {isa = PBXBuildFile; fileRef = 5137677D2553E77400DA87E0 /* ViewController.swift */; };
		513767812553E77400DA87E0 /* Main.storyboard in Resources */ = {isa = PBXBuildFile; fileRef = 5137677F2553E77400DA87E0 /* Main.storyboard */; };
		513767842553E77400DA87E0 /* APICallingAndJsonParsing.xcdatamodeld in Sources */ = {isa = PBXBuildFile; fileRef = 513767822553E77400DA87E0 /* APICallingAndJsonParsing.xcdatamodeld */; };
		513767862553E77700DA87E0 /* Assets.xcassets in Resources */ = {isa = PBXBuildFile; fileRef = 513767852553E77700DA87E0 /* Assets.xcassets */; };
		513767892553E77700DA87E0 /* LaunchScreen.storyboard in Resources */ = {isa = PBXBuildFile; fileRef = 513767872553E77700DA87E0 /* LaunchScreen.storyboard */; };
		513767942553E77700DA87E0 /* APICallingAndJsonParsingTests.swift in Sources */ = {isa = PBXBuildFile; fileRef = 513767932553E77700DA87E0 /* APICallingAndJsonParsingTests.swift */; };
		5137679F2553E77700DA87E0 /* APICallingAndJsonParsingUITests.swift in Sources */ = {isa = PBXBuildFile; fileRef = 5137679E2553E77700DA87E0 /* APICallingAndJsonParsingUITests.swift */; };
		513767C62553EC4C00DA87E0 /* SearchViewController.swift in Sources */ = {isa = PBXBuildFile; fileRef = 513767C52553EC4C00DA87E0 /* SearchViewController.swift */; };
		513767CB2553EC5F00DA87E0 /* FavoriteViewController.swift in Sources */ = {isa = PBXBuildFile; fileRef = 513767CA2553EC5F00DA87E0 /* FavoriteViewController.swift */; };
		513767D22553ED8A00DA87E0 /* BookDisplayTableViewCell.swift in Sources */ = {isa = PBXBuildFile; fileRef = 513767D02553ED8A00DA87E0 /* BookDisplayTableViewCell.swift */; };
		513767D32553ED8A00DA87E0 /* BookDisplayTableViewCell.xib in Resources */ = {isa = PBXBuildFile; fileRef = 513767D12553ED8A00DA87E0 /* BookDisplayTableViewCell.xib */; };
		513767DB2553F26200DA87E0 /* SearchViewModel.swift in Sources */ = {isa = PBXBuildFile; fileRef = 513767DA2553F26200DA87E0 /* SearchViewModel.swift */; };
		513767E02553F26F00DA87E0 /* FavoriteViewModel.swift in Sources */ = {isa = PBXBuildFile; fileRef = 513767DF2553F26F00DA87E0 /* FavoriteViewModel.swift */; };
		513767E52553F28200DA87E0 /* BookModel.swift in Sources */ = {isa = PBXBuildFile; fileRef = 513767E42553F28200DA87E0 /* BookModel.swift */; };
		513767EB2553F2F200DA87E0 /* ParseJson.swift in Sources */ = {isa = PBXBuildFile; fileRef = 513767EA2553F2F200DA87E0 /* ParseJson.swift */; };
		5174A15F2573593C005C1D6F /* Arrary+Extension.swift in Sources */ = {isa = PBXBuildFile; fileRef = 5174A15E2573593C005C1D6F /* Arrary+Extension.swift */; };
		5174A1A325760B4A005C1D6F /* FavoritesTableViewCell.swift in Sources */ = {isa = PBXBuildFile; fileRef = 5174A1A125760B49005C1D6F /* FavoritesTableViewCell.swift */; };
		5174A1A425760B4A005C1D6F /* FavoritesTableViewCell.xib in Resources */ = {isa = PBXBuildFile; fileRef = 5174A1A225760B49005C1D6F /* FavoritesTableViewCell.xib */; };
		519AC5342873BA4F002659EC /* APIEndPoints.swift in Sources */ = {isa = PBXBuildFile; fileRef = 519AC5332873BA4F002659EC /* APIEndPoints.swift */; };
		519AC53A287415E3002659EC /* HistoryViewController.swift in Sources */ = {isa = PBXBuildFile; fileRef = 519AC539287415E3002659EC /* HistoryViewController.swift */; };
		519AC53D28753996002659EC /* HistoryCellCollectionViewCell.swift in Sources */ = {isa = PBXBuildFile; fileRef = 519AC53B28753996002659EC /* HistoryCellCollectionViewCell.swift */; };
		519AC53E28753996002659EC /* HistoryCellCollectionViewCell.xib in Resources */ = {isa = PBXBuildFile; fileRef = 519AC53C28753996002659EC /* HistoryCellCollectionViewCell.xib */; };
		519AC545287550EB002659EC /* HistoryHeaderView.swift in Sources */ = {isa = PBXBuildFile; fileRef = 519AC544287550EB002659EC /* HistoryHeaderView.swift */; };
		D33BC98CDB3FEBC35C2D5C92 /* Pods_APICallingAndJsonParsing.framework in Frameworks */ = {isa = PBXBuildFile; fileRef = 31359066203D8A38224904CE /* Pods_APICallingAndJsonParsing.framework */; };
/* End PBXBuildFile section */

/* Begin PBXContainerItemProxy section */
		513767902553E77700DA87E0 /* PBXContainerItemProxy */ = {
			isa = PBXContainerItemProxy;
			containerPortal = 5137676E2553E77400DA87E0 /* Project object */;
			proxyType = 1;
			remoteGlobalIDString = 513767752553E77400DA87E0;
			remoteInfo = APICallingAndJsonParsing;
		};
		5137679B2553E77700DA87E0 /* PBXContainerItemProxy */ = {
			isa = PBXContainerItemProxy;
			containerPortal = 5137676E2553E77400DA87E0 /* Project object */;
			proxyType = 1;
			remoteGlobalIDString = 513767752553E77400DA87E0;
			remoteInfo = APICallingAndJsonParsing;
		};
/* End PBXContainerItemProxy section */

/* Begin PBXFileReference section */
		31359066203D8A38224904CE /* Pods_APICallingAndJsonParsing.framework */ = {isa = PBXFileReference; explicitFileType = wrapper.framework; includeInIndex = 0; path = Pods_APICallingAndJsonParsing.framework; sourceTree = BUILT_PRODUCTS_DIR; };
		513767762553E77400DA87E0 /* APICallingAndJsonParsing.app */ = {isa = PBXFileReference; explicitFileType = wrapper.application; includeInIndex = 0; path = APICallingAndJsonParsing.app; sourceTree = BUILT_PRODUCTS_DIR; };
		513767792553E77400DA87E0 /* AppDelegate.swift */ = {isa = PBXFileReference; lastKnownFileType = sourcecode.swift; path = AppDelegate.swift; sourceTree = "<group>"; };
		5137677B2553E77400DA87E0 /* SceneDelegate.swift */ = {isa = PBXFileReference; lastKnownFileType = sourcecode.swift; path = SceneDelegate.swift; sourceTree = "<group>"; };
		5137677D2553E77400DA87E0 /* ViewController.swift */ = {isa = PBXFileReference; lastKnownFileType = sourcecode.swift; path = ViewController.swift; sourceTree = "<group>"; };
		513767802553E77400DA87E0 /* Base */ = {isa = PBXFileReference; lastKnownFileType = file.storyboard; name = Base; path = Base.lproj/Main.storyboard; sourceTree = "<group>"; };
		513767832553E77400DA87E0 /* APICallingAndJsonParsing.xcdatamodel */ = {isa = PBXFileReference; lastKnownFileType = wrapper.xcdatamodel; path = APICallingAndJsonParsing.xcdatamodel; sourceTree = "<group>"; };
		513767852553E77700DA87E0 /* Assets.xcassets */ = {isa = PBXFileReference; lastKnownFileType = folder.assetcatalog; path = Assets.xcassets; sourceTree = "<group>"; };
		513767882553E77700DA87E0 /* Base */ = {isa = PBXFileReference; lastKnownFileType = file.storyboard; name = Base; path = Base.lproj/LaunchScreen.storyboard; sourceTree = "<group>"; };
		5137678A2553E77700DA87E0 /* Info.plist */ = {isa = PBXFileReference; lastKnownFileType = text.plist.xml; path = Info.plist; sourceTree = "<group>"; };
		5137678F2553E77700DA87E0 /* APICallingAndJsonParsingTests.xctest */ = {isa = PBXFileReference; explicitFileType = wrapper.cfbundle; includeInIndex = 0; path = APICallingAndJsonParsingTests.xctest; sourceTree = BUILT_PRODUCTS_DIR; };
		513767932553E77700DA87E0 /* APICallingAndJsonParsingTests.swift */ = {isa = PBXFileReference; lastKnownFileType = sourcecode.swift; path = APICallingAndJsonParsingTests.swift; sourceTree = "<group>"; };
		513767952553E77700DA87E0 /* Info.plist */ = {isa = PBXFileReference; lastKnownFileType = text.plist.xml; path = Info.plist; sourceTree = "<group>"; };
		5137679A2553E77700DA87E0 /* APICallingAndJsonParsingUITests.xctest */ = {isa = PBXFileReference; explicitFileType = wrapper.cfbundle; includeInIndex = 0; path = APICallingAndJsonParsingUITests.xctest; sourceTree = BUILT_PRODUCTS_DIR; };
		5137679E2553E77700DA87E0 /* APICallingAndJsonParsingUITests.swift */ = {isa = PBXFileReference; lastKnownFileType = sourcecode.swift; path = APICallingAndJsonParsingUITests.swift; sourceTree = "<group>"; };
		513767A02553E77700DA87E0 /* Info.plist */ = {isa = PBXFileReference; lastKnownFileType = text.plist.xml; path = Info.plist; sourceTree = "<group>"; };
		513767C52553EC4C00DA87E0 /* SearchViewController.swift */ = {isa = PBXFileReference; lastKnownFileType = sourcecode.swift; path = SearchViewController.swift; sourceTree = "<group>"; };
		513767CA2553EC5F00DA87E0 /* FavoriteViewController.swift */ = {isa = PBXFileReference; lastKnownFileType = sourcecode.swift; path = FavoriteViewController.swift; sourceTree = "<group>"; };
		513767D02553ED8A00DA87E0 /* BookDisplayTableViewCell.swift */ = {isa = PBXFileReference; lastKnownFileType = sourcecode.swift; path = BookDisplayTableViewCell.swift; sourceTree = "<group>"; };
		513767D12553ED8A00DA87E0 /* BookDisplayTableViewCell.xib */ = {isa = PBXFileReference; lastKnownFileType = file.xib; path = BookDisplayTableViewCell.xib; sourceTree = "<group>"; };
		513767DA2553F26200DA87E0 /* SearchViewModel.swift */ = {isa = PBXFileReference; lastKnownFileType = sourcecode.swift; path = SearchViewModel.swift; sourceTree = "<group>"; };
		513767DF2553F26F00DA87E0 /* FavoriteViewModel.swift */ = {isa = PBXFileReference; lastKnownFileType = sourcecode.swift; path = FavoriteViewModel.swift; sourceTree = "<group>"; };
		513767E42553F28200DA87E0 /* BookModel.swift */ = {isa = PBXFileReference; lastKnownFileType = sourcecode.swift; path = BookModel.swift; sourceTree = "<group>"; };
		513767EA2553F2F200DA87E0 /* ParseJson.swift */ = {isa = PBXFileReference; lastKnownFileType = sourcecode.swift; path = ParseJson.swift; sourceTree = "<group>"; };
		5174A15E2573593C005C1D6F /* Arrary+Extension.swift */ = {isa = PBXFileReference; lastKnownFileType = sourcecode.swift; path = "Arrary+Extension.swift"; sourceTree = "<group>"; };
		5174A1A125760B49005C1D6F /* FavoritesTableViewCell.swift */ = {isa = PBXFileReference; lastKnownFileType = sourcecode.swift; path = FavoritesTableViewCell.swift; sourceTree = "<group>"; };
		5174A1A225760B49005C1D6F /* FavoritesTableViewCell.xib */ = {isa = PBXFileReference; lastKnownFileType = file.xib; path = FavoritesTableViewCell.xib; sourceTree = "<group>"; };
		519AC5332873BA4F002659EC /* APIEndPoints.swift */ = {isa = PBXFileReference; lastKnownFileType = sourcecode.swift; path = APIEndPoints.swift; sourceTree = "<group>"; };
		519AC539287415E3002659EC /* HistoryViewController.swift */ = {isa = PBXFileReference; lastKnownFileType = sourcecode.swift; path = HistoryViewController.swift; sourceTree = "<group>"; };
		519AC53B28753996002659EC /* HistoryCellCollectionViewCell.swift */ = {isa = PBXFileReference; lastKnownFileType = sourcecode.swift; path = HistoryCellCollectionViewCell.swift; sourceTree = "<group>"; };
		519AC53C28753996002659EC /* HistoryCellCollectionViewCell.xib */ = {isa = PBXFileReference; lastKnownFileType = file.xib; path = HistoryCellCollectionViewCell.xib; sourceTree = "<group>"; };
		519AC544287550EB002659EC /* HistoryHeaderView.swift */ = {isa = PBXFileReference; lastKnownFileType = sourcecode.swift; path = HistoryHeaderView.swift; sourceTree = "<group>"; };
		99423348F03D3656AB2C8C60 /* Pods-APICallingAndJsonParsing.debug.xcconfig */ = {isa = PBXFileReference; includeInIndex = 1; lastKnownFileType = text.xcconfig; name = "Pods-APICallingAndJsonParsing.debug.xcconfig"; path = "Target Support Files/Pods-APICallingAndJsonParsing/Pods-APICallingAndJsonParsing.debug.xcconfig"; sourceTree = "<group>"; };
		CA6AECA9DF5C30B46307861A /* Pods-APICallingAndJsonParsing.release.xcconfig */ = {isa = PBXFileReference; includeInIndex = 1; lastKnownFileType = text.xcconfig; name = "Pods-APICallingAndJsonParsing.release.xcconfig"; path = "Target Support Files/Pods-APICallingAndJsonParsing/Pods-APICallingAndJsonParsing.release.xcconfig"; sourceTree = "<group>"; };
/* End PBXFileReference section */

/* Begin PBXFrameworksBuildPhase section */
		513767732553E77400DA87E0 /* Frameworks */ = {
			isa = PBXFrameworksBuildPhase;
			buildActionMask = 2147483647;
			files = (
				D33BC98CDB3FEBC35C2D5C92 /* Pods_APICallingAndJsonParsing.framework in Frameworks */,
			);
			runOnlyForDeploymentPostprocessing = 0;
		};
		5137678C2553E77700DA87E0 /* Frameworks */ = {
			isa = PBXFrameworksBuildPhase;
			buildActionMask = 2147483647;
			files = (
			);
			runOnlyForDeploymentPostprocessing = 0;
		};
		513767972553E77700DA87E0 /* Frameworks */ = {
			isa = PBXFrameworksBuildPhase;
			buildActionMask = 2147483647;
			files = (
			);
			runOnlyForDeploymentPostprocessing = 0;
		};
/* End PBXFrameworksBuildPhase section */

/* Begin PBXGroup section */
		5137676D2553E77400DA87E0 = {
			isa = PBXGroup;
			children = (
				513767782553E77400DA87E0 /* APICallingAndJsonParsing */,
				513767AF2553E88F00DA87E0 /* ViewControllers */,
				513767B22553E8C300DA87E0 /* ViewModels */,
				513767B32553E8D000DA87E0 /* Models */,
				513767B12553E8B300DA87E0 /* Views */,
				513767B42553E8DB00DA87E0 /* Worker */,
				513767B52553E90D00DA87E0 /* SupportingFiles */,
				513767922553E77700DA87E0 /* APICallingAndJsonParsingTests */,
				5137679D2553E77700DA87E0 /* APICallingAndJsonParsingUITests */,
				513767772553E77400DA87E0 /* Products */,
				5D1D0B44590707697EF4DD0F /* Pods */,
				86DDFA2E6E4D039ED1E48ABF /* Frameworks */,
			);
			sourceTree = "<group>";
		};
		513767772553E77400DA87E0 /* Products */ = {
			isa = PBXGroup;
			children = (
				513767762553E77400DA87E0 /* APICallingAndJsonParsing.app */,
				5137678F2553E77700DA87E0 /* APICallingAndJsonParsingTests.xctest */,
				5137679A2553E77700DA87E0 /* APICallingAndJsonParsingUITests.xctest */,
			);
			name = Products;
			sourceTree = "<group>";
		};
		513767782553E77400DA87E0 /* APICallingAndJsonParsing */ = {
			isa = PBXGroup;
			children = (
				513767792553E77400DA87E0 /* AppDelegate.swift */,
				5137677B2553E77400DA87E0 /* SceneDelegate.swift */,
				5137678A2553E77700DA87E0 /* Info.plist */,
			);
			path = APICallingAndJsonParsing;
			sourceTree = "<group>";
		};
		513767922553E77700DA87E0 /* APICallingAndJsonParsingTests */ = {
			isa = PBXGroup;
			children = (
				513767932553E77700DA87E0 /* APICallingAndJsonParsingTests.swift */,
				513767952553E77700DA87E0 /* Info.plist */,
			);
			path = APICallingAndJsonParsingTests;
			sourceTree = "<group>";
		};
		5137679D2553E77700DA87E0 /* APICallingAndJsonParsingUITests */ = {
			isa = PBXGroup;
			children = (
				5137679E2553E77700DA87E0 /* APICallingAndJsonParsingUITests.swift */,
				513767A02553E77700DA87E0 /* Info.plist */,
			);
			path = APICallingAndJsonParsingUITests;
			sourceTree = "<group>";
		};
		513767AF2553E88F00DA87E0 /* ViewControllers */ = {
			isa = PBXGroup;
			children = (
				5137677D2553E77400DA87E0 /* ViewController.swift */,
				513767C52553EC4C00DA87E0 /* SearchViewController.swift */,
				513767CA2553EC5F00DA87E0 /* FavoriteViewController.swift */,
				519AC539287415E3002659EC /* HistoryViewController.swift */,
			);
			path = ViewControllers;
			sourceTree = "<group>";
		};
		513767B12553E8B300DA87E0 /* Views */ = {
			isa = PBXGroup;
			children = (
				519AC53F28754910002659EC /* HeaderViews */,
				513767CF2553ED4D00DA87E0 /* TableViewCells */,
				5137677F2553E77400DA87E0 /* Main.storyboard */,
			);
			path = Views;
			sourceTree = "<group>";
		};
		513767B22553E8C300DA87E0 /* ViewModels */ = {
			isa = PBXGroup;
			children = (
				513767DA2553F26200DA87E0 /* SearchViewModel.swift */,
				513767DF2553F26F00DA87E0 /* FavoriteViewModel.swift */,
			);
			path = ViewModels;
			sourceTree = "<group>";
		};
		513767B32553E8D000DA87E0 /* Models */ = {
			isa = PBXGroup;
			children = (
				513767E42553F28200DA87E0 /* BookModel.swift */,
			);
			path = Models;
			sourceTree = "<group>";
		};
		513767B42553E8DB00DA87E0 /* Worker */ = {
			isa = PBXGroup;
			children = (
				513767EA2553F2F200DA87E0 /* ParseJson.swift */,
			);
			path = Worker;
			sourceTree = "<group>";
		};
		513767B52553E90D00DA87E0 /* SupportingFiles */ = {
			isa = PBXGroup;
			children = (
				513767852553E77700DA87E0 /* Assets.xcassets */,
				513767872553E77700DA87E0 /* LaunchScreen.storyboard */,
				513767822553E77400DA87E0 /* APICallingAndJsonParsing.xcdatamodeld */,
				5174A15E2573593C005C1D6F /* Arrary+Extension.swift */,
				519AC5332873BA4F002659EC /* APIEndPoints.swift */,
			);
			path = SupportingFiles;
			sourceTree = "<group>";
		};
		513767CF2553ED4D00DA87E0 /* TableViewCells */ = {
			isa = PBXGroup;
			children = (
				513767D02553ED8A00DA87E0 /* BookDisplayTableViewCell.swift */,
				513767D12553ED8A00DA87E0 /* BookDisplayTableViewCell.xib */,
				5174A1A125760B49005C1D6F /* FavoritesTableViewCell.swift */,
				5174A1A225760B49005C1D6F /* FavoritesTableViewCell.xib */,
				519AC53B28753996002659EC /* HistoryCellCollectionViewCell.swift */,
				519AC53C28753996002659EC /* HistoryCellCollectionViewCell.xib */,
			);
			path = TableViewCells;
			sourceTree = "<group>";
		};
		519AC53F28754910002659EC /* HeaderViews */ = {
			isa = PBXGroup;
			children = (
				519AC544287550EB002659EC /* HistoryHeaderView.swift */,
			);
			path = HeaderViews;
			sourceTree = "<group>";
		};
		5D1D0B44590707697EF4DD0F /* Pods */ = {
			isa = PBXGroup;
			children = (
				99423348F03D3656AB2C8C60 /* Pods-APICallingAndJsonParsing.debug.xcconfig */,
				CA6AECA9DF5C30B46307861A /* Pods-APICallingAndJsonParsing.release.xcconfig */,
			);
			path = Pods;
			sourceTree = "<group>";
		};
		86DDFA2E6E4D039ED1E48ABF /* Frameworks */ = {
			isa = PBXGroup;
			children = (
				31359066203D8A38224904CE /* Pods_APICallingAndJsonParsing.framework */,
			);
			name = Frameworks;
			sourceTree = "<group>";
		};
/* End PBXGroup section */

/* Begin PBXNativeTarget section */
		513767752553E77400DA87E0 /* APICallingAndJsonParsing */ = {
			isa = PBXNativeTarget;
			buildConfigurationList = 513767A32553E77700DA87E0 /* Build configuration list for PBXNativeTarget "APICallingAndJsonParsing" */;
			buildPhases = (
				B70568984FCFB67ECBD9208F /* [CP] Check Pods Manifest.lock */,
				513767722553E77400DA87E0 /* Sources */,
				513767732553E77400DA87E0 /* Frameworks */,
				513767742553E77400DA87E0 /* Resources */,
				F9668151AD5F3BC20E5352F2 /* [CP] Embed Pods Frameworks */,
			);
			buildRules = (
			);
			dependencies = (
			);
			name = APICallingAndJsonParsing;
			productName = APICallingAndJsonParsing;
			productReference = 513767762553E77400DA87E0 /* APICallingAndJsonParsing.app */;
			productType = "com.apple.product-type.application";
		};
		5137678E2553E77700DA87E0 /* APICallingAndJsonParsingTests */ = {
			isa = PBXNativeTarget;
			buildConfigurationList = 513767A62553E77700DA87E0 /* Build configuration list for PBXNativeTarget "APICallingAndJsonParsingTests" */;
			buildPhases = (
				5137678B2553E77700DA87E0 /* Sources */,
				5137678C2553E77700DA87E0 /* Frameworks */,
				5137678D2553E77700DA87E0 /* Resources */,
			);
			buildRules = (
			);
			dependencies = (
				513767912553E77700DA87E0 /* PBXTargetDependency */,
			);
			name = APICallingAndJsonParsingTests;
			productName = APICallingAndJsonParsingTests;
			productReference = 5137678F2553E77700DA87E0 /* APICallingAndJsonParsingTests.xctest */;
			productType = "com.apple.product-type.bundle.unit-test";
		};
		513767992553E77700DA87E0 /* APICallingAndJsonParsingUITests */ = {
			isa = PBXNativeTarget;
			buildConfigurationList = 513767A92553E77700DA87E0 /* Build configuration list for PBXNativeTarget "APICallingAndJsonParsingUITests" */;
			buildPhases = (
				513767962553E77700DA87E0 /* Sources */,
				513767972553E77700DA87E0 /* Frameworks */,
				513767982553E77700DA87E0 /* Resources */,
			);
			buildRules = (
			);
			dependencies = (
				5137679C2553E77700DA87E0 /* PBXTargetDependency */,
			);
			name = APICallingAndJsonParsingUITests;
			productName = APICallingAndJsonParsingUITests;
			productReference = 5137679A2553E77700DA87E0 /* APICallingAndJsonParsingUITests.xctest */;
			productType = "com.apple.product-type.bundle.ui-testing";
		};
/* End PBXNativeTarget section */

/* Begin PBXProject section */
		5137676E2553E77400DA87E0 /* Project object */ = {
			isa = PBXProject;
			attributes = {
				LastSwiftUpdateCheck = 1210;
				LastUpgradeCheck = 1210;
				TargetAttributes = {
					513767752553E77400DA87E0 = {
						CreatedOnToolsVersion = 12.1;
					};
					5137678E2553E77700DA87E0 = {
						CreatedOnToolsVersion = 12.1;
						TestTargetID = 513767752553E77400DA87E0;
					};
					513767992553E77700DA87E0 = {
						CreatedOnToolsVersion = 12.1;
						TestTargetID = 513767752553E77400DA87E0;
					};
				};
			};
			buildConfigurationList = 513767712553E77400DA87E0 /* Build configuration list for PBXProject "APICallingAndJsonParsing" */;
			compatibilityVersion = "Xcode 9.3";
			developmentRegion = en;
			hasScannedForEncodings = 0;
			knownRegions = (
				en,
				Base,
			);
			mainGroup = 5137676D2553E77400DA87E0;
			productRefGroup = 513767772553E77400DA87E0 /* Products */;
			projectDirPath = "";
			projectRoot = "";
			targets = (
				513767752553E77400DA87E0 /* APICallingAndJsonParsing */,
				5137678E2553E77700DA87E0 /* APICallingAndJsonParsingTests */,
				513767992553E77700DA87E0 /* APICallingAndJsonParsingUITests */,
			);
		};
/* End PBXProject section */

/* Begin PBXResourcesBuildPhase section */
		513767742553E77400DA87E0 /* Resources */ = {
			isa = PBXResourcesBuildPhase;
			buildActionMask = 2147483647;
			files = (
				513767892553E77700DA87E0 /* LaunchScreen.storyboard in Resources */,
				519AC53E28753996002659EC /* HistoryCellCollectionViewCell.xib in Resources */,
				513767D32553ED8A00DA87E0 /* BookDisplayTableViewCell.xib in Resources */,
				513767862553E77700DA87E0 /* Assets.xcassets in Resources */,
				5174A1A425760B4A005C1D6F /* FavoritesTableViewCell.xib in Resources */,
				513767812553E77400DA87E0 /* Main.storyboard in Resources */,
			);
			runOnlyForDeploymentPostprocessing = 0;
		};
		5137678D2553E77700DA87E0 /* Resources */ = {
			isa = PBXResourcesBuildPhase;
			buildActionMask = 2147483647;
			files = (
			);
			runOnlyForDeploymentPostprocessing = 0;
		};
		513767982553E77700DA87E0 /* Resources */ = {
			isa = PBXResourcesBuildPhase;
			buildActionMask = 2147483647;
			files = (
			);
			runOnlyForDeploymentPostprocessing = 0;
		};
/* End PBXResourcesBuildPhase section */

/* Begin PBXShellScriptBuildPhase section */
		B70568984FCFB67ECBD9208F /* [CP] Check Pods Manifest.lock */ = {
			isa = PBXShellScriptBuildPhase;
			buildActionMask = 2147483647;
			files = (
			);
			inputFileListPaths = (
			);
			inputPaths = (
				"${PODS_PODFILE_DIR_PATH}/Podfile.lock",
				"${PODS_ROOT}/Manifest.lock",
			);
			name = "[CP] Check Pods Manifest.lock";
			outputFileListPaths = (
			);
			outputPaths = (
				"$(DERIVED_FILE_DIR)/Pods-APICallingAndJsonParsing-checkManifestLockResult.txt",
			);
			runOnlyForDeploymentPostprocessing = 0;
			shellPath = /bin/sh;
			shellScript = "diff \"${PODS_PODFILE_DIR_PATH}/Podfile.lock\" \"${PODS_ROOT}/Manifest.lock\" > /dev/null\nif [ $? != 0 ] ; then\n    # print error to STDERR\n    echo \"error: The sandbox is not in sync with the Podfile.lock. Run 'pod install' or update your CocoaPods installation.\" >&2\n    exit 1\nfi\n# This output is used by Xcode 'outputs' to avoid re-running this script phase.\necho \"SUCCESS\" > \"${SCRIPT_OUTPUT_FILE_0}\"\n";
			showEnvVarsInLog = 0;
		};
		F9668151AD5F3BC20E5352F2 /* [CP] Embed Pods Frameworks */ = {
			isa = PBXShellScriptBuildPhase;
			buildActionMask = 2147483647;
			files = (
			);
			inputFileListPaths = (
				"${PODS_ROOT}/Target Support Files/Pods-APICallingAndJsonParsing/Pods-APICallingAndJsonParsing-frameworks-${CONFIGURATION}-input-files.xcfilelist",
			);
			name = "[CP] Embed Pods Frameworks";
			outputFileListPaths = (
				"${PODS_ROOT}/Target Support Files/Pods-APICallingAndJsonParsing/Pods-APICallingAndJsonParsing-frameworks-${CONFIGURATION}-output-files.xcfilelist",
			);
			runOnlyForDeploymentPostprocessing = 0;
			shellPath = /bin/sh;
			shellScript = "\"${PODS_ROOT}/Target Support Files/Pods-APICallingAndJsonParsing/Pods-APICallingAndJsonParsing-frameworks.sh\"\n";
			showEnvVarsInLog = 0;
		};
/* End PBXShellScriptBuildPhase section */

/* Begin PBXSourcesBuildPhase section */
		513767722553E77400DA87E0 /* Sources */ = {
			isa = PBXSourcesBuildPhase;
			buildActionMask = 2147483647;
			files = (
				513767E52553F28200DA87E0 /* BookModel.swift in Sources */,
				519AC545287550EB002659EC /* HistoryHeaderView.swift in Sources */,
				513767E02553F26F00DA87E0 /* FavoriteViewModel.swift in Sources */,
				513767D22553ED8A00DA87E0 /* BookDisplayTableViewCell.swift in Sources */,
				519AC53A287415E3002659EC /* HistoryViewController.swift in Sources */,
				519AC5342873BA4F002659EC /* APIEndPoints.swift in Sources */,
				513767C62553EC4C00DA87E0 /* SearchViewController.swift in Sources */,
				513767DB2553F26200DA87E0 /* SearchViewModel.swift in Sources */,
				5137677E2553E77400DA87E0 /* ViewController.swift in Sources */,
				5174A15F2573593C005C1D6F /* Arrary+Extension.swift in Sources */,
				5137677A2553E77400DA87E0 /* AppDelegate.swift in Sources */,
				513767842553E77400DA87E0 /* APICallingAndJsonParsing.xcdatamodeld in Sources */,
				5174A1A325760B4A005C1D6F /* FavoritesTableViewCell.swift in Sources */,
				513767CB2553EC5F00DA87E0 /* FavoriteViewController.swift in Sources */,
				513767EB2553F2F200DA87E0 /* ParseJson.swift in Sources */,
				5137677C2553E77400DA87E0 /* SceneDelegate.swift in Sources */,
				519AC53D28753996002659EC /* HistoryCellCollectionViewCell.swift in Sources */,
			);
			runOnlyForDeploymentPostprocessing = 0;
		};
		5137678B2553E77700DA87E0 /* Sources */ = {
			isa = PBXSourcesBuildPhase;
			buildActionMask = 2147483647;
			files = (
				513767942553E77700DA87E0 /* APICallingAndJsonParsingTests.swift in Sources */,
			);
			runOnlyForDeploymentPostprocessing = 0;
		};
		513767962553E77700DA87E0 /* Sources */ = {
			isa = PBXSourcesBuildPhase;
			buildActionMask = 2147483647;
			files = (
				5137679F2553E77700DA87E0 /* APICallingAndJsonParsingUITests.swift in Sources */,
			);
			runOnlyForDeploymentPostprocessing = 0;
		};
/* End PBXSourcesBuildPhase section */

/* Begin PBXTargetDependency section */
		513767912553E77700DA87E0 /* PBXTargetDependency */ = {
			isa = PBXTargetDependency;
			target = 513767752553E77400DA87E0 /* APICallingAndJsonParsing */;
			targetProxy = 513767902553E77700DA87E0 /* PBXContainerItemProxy */;
		};
		5137679C2553E77700DA87E0 /* PBXTargetDependency */ = {
			isa = PBXTargetDependency;
			target = 513767752553E77400DA87E0 /* APICallingAndJsonParsing */;
			targetProxy = 5137679B2553E77700DA87E0 /* PBXContainerItemProxy */;
		};
/* End PBXTargetDependency section */

/* Begin PBXVariantGroup section */
		5137677F2553E77400DA87E0 /* Main.storyboard */ = {
			isa = PBXVariantGroup;
			children = (
				513767802553E77400DA87E0 /* Base */,
			);
			name = Main.storyboard;
			sourceTree = "<group>";
		};
		513767872553E77700DA87E0 /* LaunchScreen.storyboard */ = {
			isa = PBXVariantGroup;
			children = (
				513767882553E77700DA87E0 /* Base */,
			);
			name = LaunchScreen.storyboard;
			sourceTree = "<group>";
		};
/* End PBXVariantGroup section */

/* Begin XCBuildConfiguration section */
		513767A12553E77700DA87E0 /* Debug */ = {
			isa = XCBuildConfiguration;
			buildSettings = {
				ALWAYS_SEARCH_USER_PATHS = NO;
				CLANG_ANALYZER_NONNULL = YES;
				CLANG_ANALYZER_NUMBER_OBJECT_CONVERSION = YES_AGGRESSIVE;
				CLANG_CXX_LANGUAGE_STANDARD = "gnu++14";
				CLANG_CXX_LIBRARY = "libc++";
				CLANG_ENABLE_MODULES = YES;
				CLANG_ENABLE_OBJC_ARC = YES;
				CLANG_ENABLE_OBJC_WEAK = YES;
				CLANG_WARN_BLOCK_CAPTURE_AUTORELEASING = YES;
				CLANG_WARN_BOOL_CONVERSION = YES;
				CLANG_WARN_COMMA = YES;
				CLANG_WARN_CONSTANT_CONVERSION = YES;
				CLANG_WARN_DEPRECATED_OBJC_IMPLEMENTATIONS = YES;
				CLANG_WARN_DIRECT_OBJC_ISA_USAGE = YES_ERROR;
				CLANG_WARN_DOCUMENTATION_COMMENTS = YES;
				CLANG_WARN_EMPTY_BODY = YES;
				CLANG_WARN_ENUM_CONVERSION = YES;
				CLANG_WARN_INFINITE_RECURSION = YES;
				CLANG_WARN_INT_CONVERSION = YES;
				CLANG_WARN_NON_LITERAL_NULL_CONVERSION = YES;
				CLANG_WARN_OBJC_IMPLICIT_RETAIN_SELF = YES;
				CLANG_WARN_OBJC_LITERAL_CONVERSION = YES;
				CLANG_WARN_OBJC_ROOT_CLASS = YES_ERROR;
				CLANG_WARN_QUOTED_INCLUDE_IN_FRAMEWORK_HEADER = YES;
				CLANG_WARN_RANGE_LOOP_ANALYSIS = YES;
				CLANG_WARN_STRICT_PROTOTYPES = YES;
				CLANG_WARN_SUSPICIOUS_MOVE = YES;
				CLANG_WARN_UNGUARDED_AVAILABILITY = YES_AGGRESSIVE;
				CLANG_WARN_UNREACHABLE_CODE = YES;
				CLANG_WARN__DUPLICATE_METHOD_MATCH = YES;
				COPY_PHASE_STRIP = NO;
				DEBUG_INFORMATION_FORMAT = dwarf;
				ENABLE_STRICT_OBJC_MSGSEND = YES;
				ENABLE_TESTABILITY = YES;
				GCC_C_LANGUAGE_STANDARD = gnu11;
				GCC_DYNAMIC_NO_PIC = NO;
				GCC_NO_COMMON_BLOCKS = YES;
				GCC_OPTIMIZATION_LEVEL = 0;
				GCC_PREPROCESSOR_DEFINITIONS = (
					"DEBUG=1",
					"$(inherited)",
				);
				GCC_WARN_64_TO_32_BIT_CONVERSION = YES;
				GCC_WARN_ABOUT_RETURN_TYPE = YES_ERROR;
				GCC_WARN_UNDECLARED_SELECTOR = YES;
				GCC_WARN_UNINITIALIZED_AUTOS = YES_AGGRESSIVE;
				GCC_WARN_UNUSED_FUNCTION = YES;
				GCC_WARN_UNUSED_VARIABLE = YES;
				IPHONEOS_DEPLOYMENT_TARGET = 14.1;
				MTL_ENABLE_DEBUG_INFO = INCLUDE_SOURCE;
				MTL_FAST_MATH = YES;
				ONLY_ACTIVE_ARCH = YES;
				SDKROOT = iphoneos;
				SWIFT_ACTIVE_COMPILATION_CONDITIONS = DEBUG;
				SWIFT_OPTIMIZATION_LEVEL = "-Onone";
			};
			name = Debug;
		};
		513767A22553E77700DA87E0 /* Release */ = {
			isa = XCBuildConfiguration;
			buildSettings = {
				ALWAYS_SEARCH_USER_PATHS = NO;
				CLANG_ANALYZER_NONNULL = YES;
				CLANG_ANALYZER_NUMBER_OBJECT_CONVERSION = YES_AGGRESSIVE;
				CLANG_CXX_LANGUAGE_STANDARD = "gnu++14";
				CLANG_CXX_LIBRARY = "libc++";
				CLANG_ENABLE_MODULES = YES;
				CLANG_ENABLE_OBJC_ARC = YES;
				CLANG_ENABLE_OBJC_WEAK = YES;
				CLANG_WARN_BLOCK_CAPTURE_AUTORELEASING = YES;
				CLANG_WARN_BOOL_CONVERSION = YES;
				CLANG_WARN_COMMA = YES;
				CLANG_WARN_CONSTANT_CONVERSION = YES;
				CLANG_WARN_DEPRECATED_OBJC_IMPLEMENTATIONS = YES;
				CLANG_WARN_DIRECT_OBJC_ISA_USAGE = YES_ERROR;
				CLANG_WARN_DOCUMENTATION_COMMENTS = YES;
				CLANG_WARN_EMPTY_BODY = YES;
				CLANG_WARN_ENUM_CONVERSION = YES;
				CLANG_WARN_INFINITE_RECURSION = YES;
				CLANG_WARN_INT_CONVERSION = YES;
				CLANG_WARN_NON_LITERAL_NULL_CONVERSION = YES;
				CLANG_WARN_OBJC_IMPLICIT_RETAIN_SELF = YES;
				CLANG_WARN_OBJC_LITERAL_CONVERSION = YES;
				CLANG_WARN_OBJC_ROOT_CLASS = YES_ERROR;
				CLANG_WARN_QUOTED_INCLUDE_IN_FRAMEWORK_HEADER = YES;
				CLANG_WARN_RANGE_LOOP_ANALYSIS = YES;
				CLANG_WARN_STRICT_PROTOTYPES = YES;
				CLANG_WARN_SUSPICIOUS_MOVE = YES;
				CLANG_WARN_UNGUARDED_AVAILABILITY = YES_AGGRESSIVE;
				CLANG_WARN_UNREACHABLE_CODE = YES;
				CLANG_WARN__DUPLICATE_METHOD_MATCH = YES;
				COPY_PHASE_STRIP = NO;
				DEBUG_INFORMATION_FORMAT = "dwarf-with-dsym";
				ENABLE_NS_ASSERTIONS = NO;
				ENABLE_STRICT_OBJC_MSGSEND = YES;
				GCC_C_LANGUAGE_STANDARD = gnu11;
				GCC_NO_COMMON_BLOCKS = YES;
				GCC_WARN_64_TO_32_BIT_CONVERSION = YES;
				GCC_WARN_ABOUT_RETURN_TYPE = YES_ERROR;
				GCC_WARN_UNDECLARED_SELECTOR = YES;
				GCC_WARN_UNINITIALIZED_AUTOS = YES_AGGRESSIVE;
				GCC_WARN_UNUSED_FUNCTION = YES;
				GCC_WARN_UNUSED_VARIABLE = YES;
				IPHONEOS_DEPLOYMENT_TARGET = 14.1;
				MTL_ENABLE_DEBUG_INFO = NO;
				MTL_FAST_MATH = YES;
				SDKROOT = iphoneos;
				SWIFT_COMPILATION_MODE = wholemodule;
				SWIFT_OPTIMIZATION_LEVEL = "-O";
				VALIDATE_PRODUCT = YES;
			};
			name = Release;
		};
		513767A42553E77700DA87E0 /* Debug */ = {
			isa = XCBuildConfiguration;
			baseConfigurationReference = 99423348F03D3656AB2C8C60 /* Pods-APICallingAndJsonParsing.debug.xcconfig */;
			buildSettings = {
				ASSETCATALOG_COMPILER_APPICON_NAME = AppIcon;
				ASSETCATALOG_COMPILER_GLOBAL_ACCENT_COLOR_NAME = AccentColor;
				CODE_SIGN_STYLE = Automatic;
				INFOPLIST_FILE = APICallingAndJsonParsing/Info.plist;
				LD_RUNPATH_SEARCH_PATHS = (
					"$(inherited)",
					"@executable_path/Frameworks",
				);
				PRODUCT_BUNDLE_IDENTIFIER = com.zabeeh.APICallingAndJsonParsing;
				PRODUCT_NAME = "$(TARGET_NAME)";
				SWIFT_VERSION = 5.0;
				TARGETED_DEVICE_FAMILY = "1,2";
			};
			name = Debug;
		};
		513767A52553E77700DA87E0 /* Release */ = {
			isa = XCBuildConfiguration;
			baseConfigurationReference = CA6AECA9DF5C30B46307861A /* Pods-APICallingAndJsonParsing.release.xcconfig */;
			buildSettings = {
				ASSETCATALOG_COMPILER_APPICON_NAME = AppIcon;
				ASSETCATALOG_COMPILER_GLOBAL_ACCENT_COLOR_NAME = AccentColor;
				CODE_SIGN_STYLE = Automatic;
				INFOPLIST_FILE = APICallingAndJsonParsing/Info.plist;
				LD_RUNPATH_SEARCH_PATHS = (
					"$(inherited)",
					"@executable_path/Frameworks",
				);
				PRODUCT_BUNDLE_IDENTIFIER = com.zabeeh.APICallingAndJsonParsing;
				PRODUCT_NAME = "$(TARGET_NAME)";
				SWIFT_VERSION = 5.0;
				TARGETED_DEVICE_FAMILY = "1,2";
			};
			name = Release;
		};
		513767A72553E77700DA87E0 /* Debug */ = {
			isa = XCBuildConfiguration;
			buildSettings = {
				ALWAYS_EMBED_SWIFT_STANDARD_LIBRARIES = YES;
				BUNDLE_LOADER = "$(TEST_HOST)";
				CODE_SIGN_STYLE = Automatic;
				INFOPLIST_FILE = APICallingAndJsonParsingTests/Info.plist;
				IPHONEOS_DEPLOYMENT_TARGET = 14.1;
				LD_RUNPATH_SEARCH_PATHS = (
					"$(inherited)",
					"@executable_path/Frameworks",
					"@loader_path/Frameworks",
				);
				PRODUCT_BUNDLE_IDENTIFIER = com.zabeeh.APICallingAndJsonParsingTests;
				PRODUCT_NAME = "$(TARGET_NAME)";
				SWIFT_VERSION = 5.0;
				TARGETED_DEVICE_FAMILY = "1,2";
				TEST_HOST = "$(BUILT_PRODUCTS_DIR)/APICallingAndJsonParsing.app/APICallingAndJsonParsing";
			};
			name = Debug;
		};
		513767A82553E77700DA87E0 /* Release */ = {
			isa = XCBuildConfiguration;
			buildSettings = {
				ALWAYS_EMBED_SWIFT_STANDARD_LIBRARIES = YES;
				BUNDLE_LOADER = "$(TEST_HOST)";
				CODE_SIGN_STYLE = Automatic;
				INFOPLIST_FILE = APICallingAndJsonParsingTests/Info.plist;
				IPHONEOS_DEPLOYMENT_TARGET = 14.1;
				LD_RUNPATH_SEARCH_PATHS = (
					"$(inherited)",
					"@executable_path/Frameworks",
					"@loader_path/Frameworks",
				);
				PRODUCT_BUNDLE_IDENTIFIER = com.zabeeh.APICallingAndJsonParsingTests;
				PRODUCT_NAME = "$(TARGET_NAME)";
				SWIFT_VERSION = 5.0;
				TARGETED_DEVICE_FAMILY = "1,2";
				TEST_HOST = "$(BUILT_PRODUCTS_DIR)/APICallingAndJsonParsing.app/APICallingAndJsonParsing";
			};
			name = Release;
		};
		513767AA2553E77700DA87E0 /* Debug */ = {
			isa = XCBuildConfiguration;
			buildSettings = {
				ALWAYS_EMBED_SWIFT_STANDARD_LIBRARIES = YES;
				CODE_SIGN_STYLE = Automatic;
				INFOPLIST_FILE = APICallingAndJsonParsingUITests/Info.plist;
				LD_RUNPATH_SEARCH_PATHS = (
					"$(inherited)",
					"@executable_path/Frameworks",
					"@loader_path/Frameworks",
				);
				PRODUCT_BUNDLE_IDENTIFIER = com.zabeeh.APICallingAndJsonParsingUITests;
				PRODUCT_NAME = "$(TARGET_NAME)";
				SWIFT_VERSION = 5.0;
				TARGETED_DEVICE_FAMILY = "1,2";
				TEST_TARGET_NAME = APICallingAndJsonParsing;
			};
			name = Debug;
		};
		513767AB2553E77700DA87E0 /* Release */ = {
			isa = XCBuildConfiguration;
			buildSettings = {
				ALWAYS_EMBED_SWIFT_STANDARD_LIBRARIES = YES;
				CODE_SIGN_STYLE = Automatic;
				INFOPLIST_FILE = APICallingAndJsonParsingUITests/Info.plist;
				LD_RUNPATH_SEARCH_PATHS = (
					"$(inherited)",
					"@executable_path/Frameworks",
					"@loader_path/Frameworks",
				);
				PRODUCT_BUNDLE_IDENTIFIER = com.zabeeh.APICallingAndJsonParsingUITests;
				PRODUCT_NAME = "$(TARGET_NAME)";
				SWIFT_VERSION = 5.0;
				TARGETED_DEVICE_FAMILY = "1,2";
				TEST_TARGET_NAME = APICallingAndJsonParsing;
			};
			name = Release;
		};
/* End XCBuildConfiguration section */

/* Begin XCConfigurationList section */
		513767712553E77400DA87E0 /* Build configuration list for PBXProject "APICallingAndJsonParsing" */ = {
			isa = XCConfigurationList;
			buildConfigurations = (
				513767A12553E77700DA87E0 /* Debug */,
				513767A22553E77700DA87E0 /* Release */,
			);
			defaultConfigurationIsVisible = 0;
			defaultConfigurationName = Release;
		};
		513767A32553E77700DA87E0 /* Build configuration list for PBXNativeTarget "APICallingAndJsonParsing" */ = {
			isa = XCConfigurationList;
			buildConfigurations = (
				513767A42553E77700DA87E0 /* Debug */,
				513767A52553E77700DA87E0 /* Release */,
			);
			defaultConfigurationIsVisible = 0;
			defaultConfigurationName = Release;
		};
		513767A62553E77700DA87E0 /* Build configuration list for PBXNativeTarget "APICallingAndJsonParsingTests" */ = {
			isa = XCConfigurationList;
			buildConfigurations = (
				513767A72553E77700DA87E0 /* Debug */,
				513767A82553E77700DA87E0 /* Release */,
			);
			defaultConfigurationIsVisible = 0;
			defaultConfigurationName = Release;
		};
		513767A92553E77700DA87E0 /* Build configuration list for PBXNativeTarget "APICallingAndJsonParsingUITests" */ = {
			isa = XCConfigurationList;
			buildConfigurations = (
				513767AA2553E77700DA87E0 /* Debug */,
				513767AB2553E77700DA87E0 /* Release */,
			);
			defaultConfigurationIsVisible = 0;
			defaultConfigurationName = Release;
		};
/* End XCConfigurationList section */

/* Begin XCVersionGroup section */
		513767822553E77400DA87E0 /* APICallingAndJsonParsing.xcdatamodeld */ = {
			isa = XCVersionGroup;
			children = (
				513767832553E77400DA87E0 /* APICallingAndJsonParsing.xcdatamodel */,
			);
			currentVersion = 513767832553E77400DA87E0 /* APICallingAndJsonParsing.xcdatamodel */;
			path = APICallingAndJsonParsing.xcdatamodeld;
			sourceTree = "<group>";
			versionGroupType = wrapper.xcdatamodel;
		};
/* End XCVersionGroup section */
	};
	rootObject = 5137676E2553E77400DA87E0 /* Project object */;
}
